<?xml version="1.0" encoding="utf-8"?>
<Project ToolsVersion="4.0" xmlns="http://schemas.microsoft.com/developer/msbuild/2003">
  <ItemGroup>
    <Filter Include="Source Files">
      <UniqueIdentifier>{4FC737F1-C7A5-4376-A066-2A32D752A2FF}</UniqueIdentifier>
      <Extensions>cpp;c;cc;cxx;def;odl;idl;hpj;bat;asm;asmx</Extensions>
    </Filter>
    <Filter Include="Header Files">
      <UniqueIdentifier>{93995380-89BD-4b04-88EB-625FBE52EBFB}</UniqueIdentifier>
      <Extensions>h;hh;hpp;hxx;hm;inl;inc;xsd</Extensions>
    </Filter>
    <Filter Include="Resource Files">
      <UniqueIdentifier>{67DA6AB6-F800-4c08-8B7A-83BB121AAD01}</UniqueIdentifier>
      <Extensions>rc;ico;cur;bmp;dlg;rc2;rct;bin;rgs;gif;jpg;jpeg;jpe;resx;tiff;tif;png;wav</Extensions>
    </Filter>
  </ItemGroup>
  <ItemGroup>
    <ClCompile Include="code\act_comm.c">
      <Filter>Source Files</Filter>
    </ClCompile>
    <ClCompile Include="code\act_ente.c">
      <Filter>Source Files</Filter>
    </ClCompile>
    <ClCompile Include="code\act_info.c">
      <Filter>Source Files</Filter>
    </ClCompile>
    <ClCompile Include="code\act_move.c">
      <Filter>Source Files</Filter>
    </ClCompile>
    <ClCompile Include="code\act_obj.c">
      <Filter>Source Files</Filter>
    </ClCompile>
    <ClCompile Include="code\act_wiz.c">
      <Filter>Source Files</Filter>
    </ClCompile>
    <ClCompile Include="code\alias.c">
      <Filter>Source Files</Filter>
    </ClCompile>
    <ClCompile Include="code\ap.c">
      <Filter>Source Files</Filter>
    </ClCompile>
    <ClCompile Include="code\aprog.c">
      <Filter>Source Files</Filter>
    </ClCompile>
    <ClCompile Include="code\ban.c">
      <Filter>Source Files</Filter>
    </ClCompile>
    <ClCompile Include="code\bit.c">
      <Filter>Source Files</Filter>
    </ClCompile>
    <ClCompile Include="code\bitvector.c">
      <Filter>Source Files</Filter>
    </ClCompile>
    <ClCompile Include="code\bootup.c">
      <Filter>Source Files</Filter>
    </ClCompile>
    <ClCompile Include="code\cabal.c">
      <Filter>Source Files</Filter>
    </ClCompile>
    <ClCompile Include="code\chardef.c">
      <Filter>Source Files</Filter>
    </ClCompile>
    <ClCompile Include="code\chrono.c">
      <Filter>Source Files</Filter>
    </ClCompile>
    <ClCompile Include="code\class.c">
      <Filter>Source Files</Filter>
    </ClCompile>
    <ClCompile Include="code\comm.c">
      <Filter>Source Files</Filter>
    </ClCompile>
    <ClCompile Include="code\const.c">
      <Filter>Source Files</Filter>
    </ClCompile>
    <ClCompile Include="code\db.c">
      <Filter>Source Files</Filter>
    </ClCompile>
    <ClCompile Include="code\db2.c">
      <Filter>Source Files</Filter>
    </ClCompile>
    <ClCompile Include="code\devextra.c">
      <Filter>Source Files</Filter>
    </ClCompile>
    <ClCompile Include="code\dioextra.c">
      <Filter>Source Files</Filter>
    </ClCompile>
    <ClCompile Include="code\druid.c">
      <Filter>Source Files</Filter>
    </ClCompile>
    <ClCompile Include="code\effects.c">
      <Filter>Source Files</Filter>
    </ClCompile>
    <ClCompile Include="code\fight.c">
      <Filter>Source Files</Filter>
    </ClCompile>
    <ClCompile Include="code\file.c">
      <Filter>Source Files</Filter>
    </ClCompile>
    <ClCompile Include="code\flags.c">
      <Filter>Source Files</Filter>
    </ClCompile>
    <ClCompile Include="code\handler.c">
      <Filter>Source Files</Filter>
    </ClCompile>
    <ClCompile Include="code\heal.c">
      <Filter>Source Files</Filter>
    </ClCompile>
    <ClCompile Include="code\healer.c">
      <Filter>Source Files</Filter>
    </ClCompile>
    <ClCompile Include="code\help.c">
      <Filter>Source Files</Filter>
    </ClCompile>
    <ClCompile Include="code\interp.c">
      <Filter>Source Files</Filter>
    </ClCompile>
    <ClCompile Include="code\iprog.c">
      <Filter>Source Files</Filter>
    </ClCompile>
    <ClCompile Include="code\ispec.c">
      <Filter>Source Files</Filter>
    </ClCompile>
    <ClCompile Include="code\lookup.c">
      <Filter>Source Files</Filter>
    </ClCompile>
    <ClCompile Include="code\magic.c">
      <Filter>Source Files</Filter>
    </ClCompile>
    <ClCompile Include="code\material.c">
      <Filter>Source Files</Filter>
    </ClCompile>
    <ClCompile Include="code\mem.c">
      <Filter>Source Files</Filter>
    </ClCompile>
    <ClCompile Include="code\misc.c">
      <Filter>Source Files</Filter>
    </ClCompile>
    <ClCompile Include="code\moremagic.c">
      <Filter>Source Files</Filter>
    </ClCompile>
    <ClCompile Include="code\mprog.c">
      <Filter>Source Files</Filter>
    </ClCompile>
    <ClCompile Include="code\mspec.c">
      <Filter>Source Files</Filter>
    </ClCompile>
    <ClCompile Include="code\mud.c">
      <Filter>Source Files</Filter>
    </ClCompile>
    <ClCompile Include="code\necro.c">
      <Filter>Source Files</Filter>
    </ClCompile>
    <ClCompile Include="code\newmem.c">
      <Filter>Source Files</Filter>
    </ClCompile>
    <ClCompile Include="code\newspec.c">
      <Filter>Source Files</Filter>
    </ClCompile>
    <ClCompile Include="code\note.c">
      <Filter>Source Files</Filter>
    </ClCompile>
    <ClCompile Include="code\olc.c">
      <Filter>Source Files</Filter>
    </ClCompile>
    <ClCompile Include="code\olc_act.c">
      <Filter>Source Files</Filter>
    </ClCompile>
    <ClCompile Include="code\olc_save.c">
      <Filter>Source Files</Filter>
    </ClCompile>
    <ClCompile Include="code\paladin.c">
      <Filter>Source Files</Filter>
    </ClCompile>
    <ClCompile Include="code\prof.c">
      <Filter>Source Files</Filter>
    </ClCompile>
    <ClCompile Include="code\progs.c">
      <Filter>Source Files</Filter>
    </ClCompile>
    <ClCompile Include="code\quest.c">
      <Filter>Source Files</Filter>
    </ClCompile>
    <ClCompile Include="code\queue.c">
      <Filter>Source Files</Filter>
    </ClCompile>
    <ClCompile Include="code\race.c">
      <Filter>Source Files</Filter>
    </ClCompile>
    <ClCompile Include="code\recycle.c">
      <Filter>Source Files</Filter>
    </ClCompile>
    <ClCompile Include="code\rprog.c">
      <Filter>Source Files</Filter>
    </ClCompile>
    <ClCompile Include="code\rstring.c">
      <Filter>Source Files</Filter>
    </ClCompile>
    <ClCompile Include="code\save.c">
      <Filter>Source Files</Filter>
    </ClCompile>
    <ClCompile Include="code\scan.c">
      <Filter>Source Files</Filter>
    </ClCompile>
    <ClCompile Include="code\skills.c">
      <Filter>Source Files</Filter>
    </ClCompile>
    <ClCompile Include="code\sorcerer.c">
      <Filter>Source Files</Filter>
    </ClCompile>
    <ClCompile Include="code\sql.c">
      <Filter>Source Files</Filter>
    </ClCompile>
    <ClCompile Include="code\string.c">
      <Filter>Source Files</Filter>
    </ClCompile>
    <ClCompile Include="code\strings.c">
      <Filter>Source Files</Filter>
    </ClCompile>
    <ClCompile Include="code\tables.c">
      <Filter>Source Files</Filter>
    </ClCompile>
    <ClCompile Include="code\tattoo.c">
      <Filter>Source Files</Filter>
    </ClCompile>
    <ClCompile Include="code\thief.c">
      <Filter>Source Files</Filter>
    </ClCompile>
    <ClCompile Include="code\titles.c">
      <Filter>Source Files</Filter>
    </ClCompile>
    <ClCompile Include="code\tstring.c">
      <Filter>Source Files</Filter>
    </ClCompile>
    <ClCompile Include="code\update.c">
      <Filter>Source Files</Filter>
    </ClCompile>
    <ClCompile Include="code\warrior.c">
      <Filter>Source Files</Filter>
    </ClCompile>
    <ClCompile Include="code\zealot.c">
      <Filter>Source Files</Filter>
    </ClCompile>
    <ClCompile Include="code\zethtat.c">
      <Filter>Source Files</Filter>
    </ClCompile>
  </ItemGroup>
  <ItemGroup>
    <None Include="admin\check_trust.inc">
      <Filter>Header Files</Filter>
    </None>
    <None Include="admin\footer.inc">
      <Filter>Header Files</Filter>
    </None>
    <None Include="admin\header.inc">
      <Filter>Header Files</Filter>
    </None>
  </ItemGroup>
  <ItemGroup>
    <ClInclude Include="code\affect.h">
      <Filter>Header Files</Filter>
    </ClInclude>
    <ClInclude Include="code\area.h">
      <Filter>Header Files</Filter>
    </ClInclude>
    <ClInclude Include="code\character.h">
      <Filter>Header Files</Filter>
    </ClInclude>
    <ClInclude Include="code\class.h">
      <Filter>Header Files</Filter>
    </ClInclude>
    <ClInclude Include="code\classlist.h">
      <Filter>Header Files</Filter>
    </ClInclude>
    <ClInclude Include="code\db.h">
      <Filter>Header Files</Filter>
    </ClInclude>
    <ClInclude Include="code\exit.h">
      <Filter>Header Files</Filter>
    </ClInclude>
    <ClInclude Include="code\extradesc.h">
      <Filter>Header Files</Filter>
    </ClInclude>
    <ClInclude Include="code\gameloop.h">
      <Filter>Header Files</Filter>
    </ClInclude>
    <ClInclude Include="code\help.h">
      <Filter>Header Files</Filter>
    </ClInclude>
    <ClInclude Include="code\interp.h">
      <Filter>Header Files</Filter>
    </ClInclude>
    <ClInclude Include="code\interp2.h">
      <Filter>Header Files</Filter>
    </ClInclude>
    <ClInclude Include="code\lookup.h">
      <Filter>Header Files</Filter>
    </ClInclude>
    <ClInclude Include="code\magic.h">
      <Filter>Header Files</Filter>
    </ClInclude>
    <ClInclude Include="code\merc.h">
      <Filter>Header Files</Filter>
    </ClInclude>
    <ClInclude Include="code\mobtemplate.h">
      <Filter>Header Files</Filter>
    </ClInclude>
    <ClInclude Include="code\mud.h">
      <Filter>Header Files</Filter>
    </ClInclude>
    <ClInclude Include="code\necro.h">
      <Filter>Header Files</Filter>
    </ClInclude>
    <ClInclude Include="code\obj.h">
      <Filter>Header Files</Filter>
    </ClInclude>
    <ClInclude Include="code\objtemplate.h">
      <Filter>Header Files</Filter>
    </ClInclude>
    <ClInclude Include="code\olc.h">
      <Filter>Header Files</Filter>
    </ClInclude>
    <ClInclude Include="code\pcdata.h">
      <Filter>Header Files</Filter>
    </ClInclude>
    <ClInclude Include="code\prof.h">
      <Filter>Header Files</Filter>
    </ClInclude>
    <ClInclude Include="code\queue.h">
      <Filter>Header Files</Filter>
    </ClInclude>
    <ClInclude Include="code\race.h">
      <Filter>Header Files</Filter>
    </ClInclude>
    <ClInclude Include="code\recycle.h">
      <Filter>Header Files</Filter>
    </ClInclude>
    <ClInclude Include="code\rift.h">
      <Filter>Header Files</Filter>
    </ClInclude>
    <ClInclude Include="code\room.h">
      <Filter>Header Files</Filter>
    </ClInclude>
    <ClInclude Include="code\shape.h">
      <Filter>Header Files</Filter>
    </ClInclude>
    <ClInclude Include="code\size.h">
      <Filter>Header Files</Filter>
    </ClInclude>
    <ClInclude Include="code\skill.h">
      <Filter>Header Files</Filter>
    </ClInclude>
    <ClInclude Include="code\socket.h">
      <Filter>Header Files</Filter>
    </ClInclude>
    <ClInclude Include="code\spec.h">
      <Filter>Header Files</Filter>
    </ClInclude>
    <ClInclude Include="code\tables.h">
      <Filter>Header Files</Filter>
    </ClInclude>
    <ClInclude Include="code\telnet.h">
      <Filter>Header Files</Filter>
    </ClInclude>
    <ClInclude Include="code\update.h">
      <Filter>Header Files</Filter>
    </ClInclude>
    <ClInclude Include="code\weapon.h">
      <Filter>Header Files</Filter>
    </ClInclude>
    <ClInclude Include="code\weather.h">
      <Filter>Header Files</Filter>
    </ClInclude>
    <ClInclude Include="code\autogen\coldefs.h">
      <Filter>Header Files</Filter>
    </ClInclude>
    <ClInclude Include="code\autogen\fundefs.h">
      <Filter>Header Files</Filter>
    </ClInclude>
    <ClInclude Include="code\autogen\stddefs.h">
      <Filter>Header Files</Filter>
    </ClInclude>
    <ClInclude Include="code\stdlibs\bitvector.h">
      <Filter>Header Files</Filter>
    </ClInclude>
    <ClInclude Include="code\stdlibs\exception.h">
      <Filter>Header Files</Filter>
    </ClInclude>
    <ClInclude Include="code\stdlibs\file.h">
      <Filter>Header Files</Filter>
    </ClInclude>
    <ClInclude Include="code\stdlibs\funcptr.h">
      <Filter>Header Files</Filter>
    </ClInclude>
    <ClInclude Include="code\stdlibs\rift.h">
      <Filter>Header Files</Filter>
    </ClInclude>
    <ClInclude Include="code\stdlibs\rstring.h">
      <Filter>Header Files</Filter>
    </ClInclude>
    <ClInclude Include="code\stdlibs\sql.h">
      <Filter>Header Files</Filter>
    </ClInclude>
    <ClInclude Include="code\stdlibs\strings.h">
      <Filter>Header Files</Filter>
    </ClInclude>
    <ClInclude Include="code\stdlibs\tstring.h">
      <Filter>Header Files</Filter>
    </ClInclude>
  </ItemGroup>
</Project>