Microsoft Visual Studio Solution File, Format Version 12.00
# Visual Studio Version 17
VisualStudioVersion = 17.5.2.0
MinimumVisualStudioVersion = 10.0.40219.1
Project("{2150E333-8FDC-42A3-9474-1A3956D46DE8}") = "src", "src", "{827E0CD3-B72D-47B6-A68D-7590B98EB39B}"
EndProject
Project("{FAE04EC0-301F-11D3-BF4B-00C04F79EFBC}") = "Riftshadow.Agent", "src\Riftshadow.Agent\Riftshadow.Agent.csproj", "{501019A9-BEA8-A112-42DC-630C006EC84A}"
EndProject
Global
	GlobalSection(SolutionConfigurationPlatforms) = preSolution
		Debug|Any CPU = Debug|Any CPU
		Release|Any CPU = Release|Any CPU
	EndGlobalSection
	GlobalSection(ProjectConfigurationPlatforms) = postSolution
		{501019A9-BEA8-A112-42DC-630C006EC84A}.Debug|Any CPU.ActiveCfg = Debug|Any CPU
		{501019A9-BEA8-A112-42DC-630C006EC84A}.Debug|Any CPU.Build.0 = Debug|Any CPU
		{501019A9-BEA8-A112-42DC-630C006EC84A}.Release|Any CPU.ActiveCfg = Release|Any CPU
		{501019A9-BEA8-A112-42DC-630C006EC84A}.Release|Any CPU.Build.0 = Release|Any CPU
	EndGlobalSection
	GlobalSection(SolutionProperties) = preSolution
		HideSolutionNode = FALSE
	EndGlobalSection
	GlobalSection(NestedProjects) = preSolution
		{501019A9-BEA8-A112-42DC-630C006EC84A} = {827E0CD3-B72D-47B6-A68D-7590B98EB39B}
	EndGlobalSection
	GlobalSection(ExtensibilityGlobals) = postSolution
		SolutionGuid = {A7C08B5B-AF73-4AE7-8143-DA309560EED1}
	EndGlobalSection
EndGlobal
