
Microsoft Visual Studio Solution File, Format Version 12.00
# Visual Studio 15
VisualStudioVersion = 15.0.28010.2046
MinimumVisualStudioVersion = 10.0.40219.1
Project("{8BC9CEB8-8B4A-11D0-8D11-00A0C91BC942}") = "riftshadow", "riftshadow.vcxproj", "{C1215861-5314-41EB-83BC-3DF35FFB6E17}"
EndProject
Global
	GlobalSection(SolutionConfigurationPlatforms) = preSolution
		Debug|x64 = Debug|x64
		Debug|x86 = Debug|x86
		Release|x64 = Release|x64
		Release|x86 = Release|x86
	EndGlobalSection
	GlobalSection(ProjectConfigurationPlatforms) = postSolution
		{C1215861-5314-41EB-83BC-3DF35FFB6E17}.Debug|x64.ActiveCfg = Debug|x64
		{C1215861-5314-41EB-83BC-3DF35FFB6E17}.Debug|x64.Build.0 = Debug|x64
		{C1215861-5314-41EB-83BC-3DF35FFB6E17}.Debug|x86.ActiveCfg = Debug|Win32
		{C1215861-5314-41EB-83BC-3DF35FFB6E17}.Debug|x86.Build.0 = Debug|Win32
		{C1215861-5314-41EB-83BC-3DF35FFB6E17}.Release|x64.ActiveCfg = Release|x64
		{C1215861-5314-41EB-83BC-3DF35FFB6E17}.Release|x64.Build.0 = Release|x64
		{C1215861-5314-41EB-83BC-3DF35FFB6E17}.Release|x86.ActiveCfg = Release|Win32
		{C1215861-5314-41EB-83BC-3DF35FFB6E17}.Release|x86.Build.0 = Release|Win32
	EndGlobalSection
	GlobalSection(SolutionProperties) = preSolution
		HideSolutionNode = FALSE
	EndGlobalSection
	GlobalSection(ExtensibilityGlobals) = postSolution
		SolutionGuid = {6C980A11-4287-4860-A191-DE1F2D9E200E}
	EndGlobalSection
EndGlobal
